
Microsoft Visual Studio Solution File, Format Version 12.00
# Visual Studio Version 17
VisualStudioVersion = 17.2.32505.173
MinimumVisualStudioVersion = 10.0.40219.1
Project("{FAE04EC0-301F-11D3-BF4B-00C04F79EFBC}") = "Clase4", "Clase4\Clase4.csproj", "{746F05A7-0571-4EF0-A496-40256D0C616F}"
EndProject
Project("{FAE04EC0-301F-11D3-BF4B-00C04F79EFBC}") = "Clase4_1", "..\Clase4_1\Clase4_1.csproj", "{51C88F51-D231-4536-A5C0-EE087ACB2705}"
EndProject
Global
	GlobalSection(SolutionConfigurationPlatforms) = preSolution
		Debug|Any CPU = Debug|Any CPU
		Release|Any CPU = Release|Any CPU
	EndGlobalSection
	GlobalSection(ProjectConfigurationPlatforms) = postSolution
		{746F05A7-0571-4EF0-A496-40256D0C616F}.Debug|Any CPU.ActiveCfg = Debug|Any CPU
		{746F05A7-0571-4EF0-A496-40256D0C616F}.Debug|Any CPU.Build.0 = Debug|Any CPU
		{746F05A7-0571-4EF0-A496-40256D0C616F}.Release|Any CPU.ActiveCfg = Release|Any CPU
		{746F05A7-0571-4EF0-A496-40256D0C616F}.Release|Any CPU.Build.0 = Release|Any CPU
		{51C88F51-D231-4536-A5C0-EE087ACB2705}.Debug|Any CPU.ActiveCfg = Debug|Any CPU
		{51C88F51-D231-4536-A5C0-EE087ACB2705}.Debug|Any CPU.Build.0 = Debug|Any CPU
		{51C88F51-D231-4536-A5C0-EE087ACB2705}.Release|Any CPU.ActiveCfg = Release|Any CPU
		{51C88F51-D231-4536-A5C0-EE087ACB2705}.Release|Any CPU.Build.0 = Release|Any CPU
	EndGlobalSection
	GlobalSection(SolutionProperties) = preSolution
		HideSolutionNode = FALSE
	EndGlobalSection
	GlobalSection(ExtensibilityGlobals) = postSolution
		SolutionGuid = {19C03542-EC6A-4E62-8520-73B887186473}
	EndGlobalSection
EndGlobal
