
Microsoft Visual Studio Solution File, Format Version 12.00
# Visual Studio Version 17
VisualStudioVersion = 17.14.36414.22 d17.14
MinimumVisualStudioVersion = 10.0.40219.1
Project("{FAE04EC0-301F-11D3-BF4B-00C04F79EFBC}") = "Clase8", "Clase8\Clase8.csproj", "{DADDC4C0-6C6C-4402-A026-0806364AF479}"
EndProject
Global
	GlobalSection(SolutionConfigurationPlatforms) = preSolution
		Debug|Any CPU = Debug|Any CPU
		Release|Any CPU = Release|Any CPU
	EndGlobalSection
	GlobalSection(ProjectConfigurationPlatforms) = postSolution
		{DADDC4C0-6C6C-4402-A026-0806364AF479}.Debug|Any CPU.ActiveCfg = Debug|Any CPU
		{DADDC4C0-6C6C-4402-A026-0806364AF479}.Debug|Any CPU.Build.0 = Debug|Any CPU
		{DADDC4C0-6C6C-4402-A026-0806364AF479}.Release|Any CPU.ActiveCfg = Release|Any CPU
		{DADDC4C0-6C6C-4402-A026-0806364AF479}.Release|Any CPU.Build.0 = Release|Any CPU
	EndGlobalSection
	GlobalSection(SolutionProperties) = preSolution
		HideSolutionNode = FALSE
	EndGlobalSection
	GlobalSection(ExtensibilityGlobals) = postSolution
		SolutionGuid = {4DE98D38-7654-4A42-A078-8D440A3A7A61}
	EndGlobalSection
EndGlobal
