
Microsoft Visual Studio Solution File, Format Version 12.00
# Visual Studio Version 17
VisualStudioVersion = 17.14.36414.22 d17.14
MinimumVisualStudioVersion = 10.0.40219.1
Project("{FAE04EC0-301F-11D3-BF4B-00C04F79EFBC}") = "Clase4", "Clase4\Clase4.csproj", "{0D9CB808-80A4-403B-9531-7C435193B564}"
EndProject
Global
	GlobalSection(SolutionConfigurationPlatforms) = preSolution
		Debug|Any CPU = Debug|Any CPU
		Release|Any CPU = Release|Any CPU
	EndGlobalSection
	GlobalSection(ProjectConfigurationPlatforms) = postSolution
		{0D9CB808-80A4-403B-9531-7C435193B564}.Debug|Any CPU.ActiveCfg = Debug|Any CPU
		{0D9CB808-80A4-403B-9531-7C435193B564}.Debug|Any CPU.Build.0 = Debug|Any CPU
		{0D9CB808-80A4-403B-9531-7C435193B564}.Release|Any CPU.ActiveCfg = Release|Any CPU
		{0D9CB808-80A4-403B-9531-7C435193B564}.Release|Any CPU.Build.0 = Release|Any CPU
	EndGlobalSection
	GlobalSection(SolutionProperties) = preSolution
		HideSolutionNode = FALSE
	EndGlobalSection
	GlobalSection(ExtensibilityGlobals) = postSolution
		SolutionGuid = {329873F4-C2F5-42CA-9240-7721CD147560}
	EndGlobalSection
EndGlobal
