
Microsoft Visual Studio Solution File, Format Version 12.00
# Visual Studio Version 17
VisualStudioVersion = 17.14.36401.2 d17.14
MinimumVisualStudioVersion = 10.0.40219.1
Project("{FAE04EC0-301F-11D3-BF4B-00C04F79EFBC}") = "Clase9", "Clase9\Clase9.csproj", "{D91F21E9-802D-4C0D-B60D-E4F4209F63EF}"
EndProject
Global
	GlobalSection(SolutionConfigurationPlatforms) = preSolution
		Debug|Any CPU = Debug|Any CPU
		Release|Any CPU = Release|Any CPU
	EndGlobalSection
	GlobalSection(ProjectConfigurationPlatforms) = postSolution
		{D91F21E9-802D-4C0D-B60D-E4F4209F63EF}.Debug|Any CPU.ActiveCfg = Debug|Any CPU
		{D91F21E9-802D-4C0D-B60D-E4F4209F63EF}.Debug|Any CPU.Build.0 = Debug|Any CPU
		{D91F21E9-802D-4C0D-B60D-E4F4209F63EF}.Release|Any CPU.ActiveCfg = Release|Any CPU
		{D91F21E9-802D-4C0D-B60D-E4F4209F63EF}.Release|Any CPU.Build.0 = Release|Any CPU
	EndGlobalSection
	GlobalSection(SolutionProperties) = preSolution
		HideSolutionNode = FALSE
	EndGlobalSection
	GlobalSection(ExtensibilityGlobals) = postSolution
		SolutionGuid = {D686EF69-C7F4-4B69-96F6-77660050DED0}
	EndGlobalSection
EndGlobal
