
Microsoft Visual Studio Solution File, Format Version 12.00
# Visual Studio Version 17
VisualStudioVersion = 17.2.32505.173
MinimumVisualStudioVersion = 10.0.40219.1
Project("{FAE04EC0-301F-11D3-BF4B-00C04F79EFBC}") = "Clase5", "Clase5\Clase5.csproj", "{062CEF6A-05F8-4121-9431-1DBF435F6C76}"
EndProject
Global
	GlobalSection(SolutionConfigurationPlatforms) = preSolution
		Debug|Any CPU = Debug|Any CPU
		Release|Any CPU = Release|Any CPU
	EndGlobalSection
	GlobalSection(ProjectConfigurationPlatforms) = postSolution
		{062CEF6A-05F8-4121-9431-1DBF435F6C76}.Debug|Any CPU.ActiveCfg = Debug|Any CPU
		{062CEF6A-05F8-4121-9431-1DBF435F6C76}.Debug|Any CPU.Build.0 = Debug|Any CPU
		{062CEF6A-05F8-4121-9431-1DBF435F6C76}.Release|Any CPU.ActiveCfg = Release|Any CPU
		{062CEF6A-05F8-4121-9431-1DBF435F6C76}.Release|Any CPU.Build.0 = Release|Any CPU
	EndGlobalSection
	GlobalSection(SolutionProperties) = preSolution
		HideSolutionNode = FALSE
	EndGlobalSection
	GlobalSection(ExtensibilityGlobals) = postSolution
		SolutionGuid = {CC9F2EB7-3A45-4FE4-9913-263961C5766D}
	EndGlobalSection
EndGlobal
