
Microsoft Visual Studio Solution File, Format Version 12.00
# Visual Studio Version 17
VisualStudioVersion = 17.14.36414.22 d17.14
MinimumVisualStudioVersion = 10.0.40219.1
Project("{FAE04EC0-301F-11D3-BF4B-00C04F79EFBC}") = "Clase5", "Clase5\Clase5.csproj", "{430193AC-3D39-423B-A046-55C2B0CC4A52}"
EndProject
Global
	GlobalSection(SolutionConfigurationPlatforms) = preSolution
		Debug|Any CPU = Debug|Any CPU
		Release|Any CPU = Release|Any CPU
	EndGlobalSection
	GlobalSection(ProjectConfigurationPlatforms) = postSolution
		{430193AC-3D39-423B-A046-55C2B0CC4A52}.Debug|Any CPU.ActiveCfg = Debug|Any CPU
		{430193AC-3D39-423B-A046-55C2B0CC4A52}.Debug|Any CPU.Build.0 = Debug|Any CPU
		{430193AC-3D39-423B-A046-55C2B0CC4A52}.Release|Any CPU.ActiveCfg = Release|Any CPU
		{430193AC-3D39-423B-A046-55C2B0CC4A52}.Release|Any CPU.Build.0 = Release|Any CPU
	EndGlobalSection
	GlobalSection(SolutionProperties) = preSolution
		HideSolutionNode = FALSE
	EndGlobalSection
	GlobalSection(ExtensibilityGlobals) = postSolution
		SolutionGuid = {2DFF846B-D0DF-4C77-A913-C267EEA0892E}
	EndGlobalSection
EndGlobal
