
Microsoft Visual Studio Solution File, Format Version 12.00
# Visual Studio Version 17
VisualStudioVersion = 17.2.32505.173
MinimumVisualStudioVersion = 10.0.40219.1
Project("{FAE04EC0-301F-11D3-BF4B-00C04F79EFBC}") = "Clase 13", "Clase 13\Clase 13.csproj", "{F5AEC123-8074-46A3-B39D-C5A428AA787E}"
EndProject
Global
	GlobalSection(SolutionConfigurationPlatforms) = preSolution
		Debug|Any CPU = Debug|Any CPU
		Release|Any CPU = Release|Any CPU
	EndGlobalSection
	GlobalSection(ProjectConfigurationPlatforms) = postSolution
		{F5AEC123-8074-46A3-B39D-C5A428AA787E}.Debug|Any CPU.ActiveCfg = Debug|Any CPU
		{F5AEC123-8074-46A3-B39D-C5A428AA787E}.Debug|Any CPU.Build.0 = Debug|Any CPU
		{F5AEC123-8074-46A3-B39D-C5A428AA787E}.Release|Any CPU.ActiveCfg = Release|Any CPU
		{F5AEC123-8074-46A3-B39D-C5A428AA787E}.Release|Any CPU.Build.0 = Release|Any CPU
	EndGlobalSection
	GlobalSection(SolutionProperties) = preSolution
		HideSolutionNode = FALSE
	EndGlobalSection
	GlobalSection(ExtensibilityGlobals) = postSolution
		SolutionGuid = {99505ACE-C505-47E3-9247-818E6D6CFDEC}
	EndGlobalSection
EndGlobal
